{
  "name": "firebase-api",
  "version": "1.0.0",
  "lockfileVersion": 1,
  "requires": true,
  "dependencies": {
    "express-validator": {
      "version": "6.2.0",
      "resolved": "https://registry.npmjs.org/express-validator/-/express-validator-6.2.0.tgz",
      "integrity": "sha512-892cPistoSPzMuoG2p1W+2ZxBi0bAvPaaYgXK1E1C8/QncLo2d1HbiDDWkXUtTthjGEzEmwiELLJHu1Ez2hOEg==",
      "requires": {
        "lodash": "^4.17.15",
        "validator": "^11.1.0"
      }
    },
    "lodash": {
      "version": "4.17.21",
      "resolved": "https://registry.npmjs.org/lodash/-/lodash-4.17.21.tgz",
      "integrity": "sha512-v2kDEe57lecTulaDIuNTPy3Ry4gLGJ6Z1O3vE1krgXZNrsQ+LFTGHVxVjcXPs17LhbZVGedAJv8XZ1tvj5FvSg=="
    },
    "validator": {
      "version": "11.1.0",
      "resolved": "https://registry.npmjs.org/validator/-/validator-11.1.0.tgz",
      "integrity": "sha512-qiQ5ktdO7CD6C/5/mYV4jku/7qnqzjrxb3C/Q5wR3vGGinHTgJZN/TdFT3ZX4vXhX2R1PXx42fB1cn5W+uJ4lg=="
    }
  }
}
